
Microsoft Visual Studio Solution File, Format Version 12.00
# Visual Studio Version 17
VisualStudioVersion = 17.13.35828.75 d17.13
MinimumVisualStudioVersion = 10.0.40219.1
Project("{FAE04EC0-301F-11D3-BF4B-00C04F79EFBC}") = "ExcelDocTransfer", "ExcelDocTransfer\ExcelDocTransfer.csproj", "{B87C7332-76AF-4202-9F9E-38F44861AAD8}"
EndProject
Global
	GlobalSection(SolutionConfigurationPlatforms) = preSolution
		Debug|Any CPU = Debug|Any CPU
		Release|Any CPU = Release|Any CPU
	EndGlobalSection
	GlobalSection(ProjectConfigurationPlatforms) = postSolution
		{B87C7332-76AF-4202-9F9E-38F44861AAD8}.Debug|Any CPU.ActiveCfg = Debug|Any CPU
		{B87C7332-76AF-4202-9F9E-38F44861AAD8}.Debug|Any CPU.Build.0 = Debug|Any CPU
		{B87C7332-76AF-4202-9F9E-38F44861AAD8}.Release|Any CPU.ActiveCfg = Release|Any CPU
		{B87C7332-76AF-4202-9F9E-38F44861AAD8}.Release|Any CPU.Build.0 = Release|Any CPU
	EndGlobalSection
	GlobalSection(SolutionProperties) = preSolution
		HideSolutionNode = FALSE
	EndGlobalSection
	GlobalSection(ExtensibilityGlobals) = postSolution
		SolutionGuid = {11F0154F-8303-4555-B4D4-7DCA6F5E9A8B}
	EndGlobalSection
EndGlobal
